{
    "version": 3,
    "terraform_version": "0.11.7",
    "serial": 18,
    "lineage": "f76efcaf-067b-146e-82aa-cb72f8a509b8",
    "modules": [
        {
            "path": [
                "root"
            ],
            "outputs": {},
            "resources": {
                "aws_instance.anz.0": {
                    "type": "aws_instance",
                    "depends_on": [
                        "aws_key_pair.service",
                        "aws_security_group.anz",
                        "aws_subnet.anz.*",
                        "data.aws_availability_zones.available",
                        "null_resource.tags"
                    ],
                    "primary": {
                        "id": "i-028f654603ab46351",
                        "attributes": {
                            "ami": "ami-65e0e305",
                            "associate_public_ip_address": "true",
                            "availability_zone": "us-west-1a",
                            "cpu_core_count": "2",
                            "cpu_threads_per_core": "1",
                            "credit_specification.#": "1",
                            "credit_specification.0.cpu_credits": "standard",
                            "disable_api_termination": "false",
                            "ebs_block_device.#": "0",
                            "ebs_optimized": "false",
                            "ephemeral_block_device.#": "0",
                            "get_password_data": "false",
                            "iam_instance_profile": "",
                            "id": "i-028f654603ab46351",
                            "instance_state": "running",
                            "instance_type": "t2.medium",
                            "ipv6_addresses.#": "0",
                            "key_name": "telco-service-vpc-36dd8551",
                            "monitoring": "false",
                            "network_interface.#": "0",
                            "network_interface_id": "eni-67d5cb63",
                            "password_data": "",
                            "placement_group": "",
                            "primary_network_interface_id": "eni-67d5cb63",
                            "private_dns": "ip-10-54-7-122.us-west-1.compute.internal",
                            "private_ip": "10.54.7.122",
                            "public_dns": "",
                            "public_ip": "54.215.242.35",
                            "root_block_device.#": "1",
                            "root_block_device.0.delete_on_termination": "false",
                            "root_block_device.0.iops": "0",
                            "root_block_device.0.volume_id": "vol-0616238ab3f3f7f98",
                            "root_block_device.0.volume_size": "8",
                            "root_block_device.0.volume_type": "standard",
                            "security_groups.#": "0",
                            "source_dest_check": "false",
                            "subnet_id": "subnet-dcd1f787",
                            "tags.%": "4",
                            "tags.Name": "telco-dev",
                            "tags.author": "ts-sre",
                            "tags.env": "dev",
                            "tags.purpose": "telco",
                            "tenancy": "default",
                            "volume_tags.%": "0",
                            "vpc_security_group_ids.#": "1",
                            "vpc_security_group_ids.3710505720": "sg-7182a609"
                        },
                        "meta": {
                            "e2bfb730-ecaa-11e6-8f88-34363bc7c4c0": {
                                "create": 600000000000,
                                "delete": 1200000000000,
                                "update": 600000000000
                            },
                            "schema_version": "1"
                        },
                        "tainted": false
                    },
                    "deposed": [],
                    "provider": "provider.aws"
                },
                "aws_instance.anz.1": {
                    "type": "aws_instance",
                    "depends_on": [
                        "aws_key_pair.service",
                        "aws_security_group.anz",
                        "aws_subnet.anz.*",
                        "data.aws_availability_zones.available",
                        "null_resource.tags"
                    ],
                    "primary": {
                        "id": "i-0943a87e9e3b48f4c",
                        "attributes": {
                            "ami": "ami-65e0e305",
                            "associate_public_ip_address": "true",
                            "availability_zone": "us-west-1a",
                            "cpu_core_count": "2",
                            "cpu_threads_per_core": "1",
                            "credit_specification.#": "1",
                            "credit_specification.0.cpu_credits": "standard",
                            "disable_api_termination": "false",
                            "ebs_block_device.#": "0",
                            "ebs_optimized": "false",
                            "ephemeral_block_device.#": "0",
                            "get_password_data": "false",
                            "iam_instance_profile": "",
                            "id": "i-0943a87e9e3b48f4c",
                            "instance_state": "running",
                            "instance_type": "t2.medium",
                            "ipv6_addresses.#": "0",
                            "key_name": "telco-service-vpc-36dd8551",
                            "monitoring": "false",
                            "network_interface.#": "0",
                            "network_interface_id": "eni-60d5cb64",
                            "password_data": "",
                            "placement_group": "",
                            "primary_network_interface_id": "eni-60d5cb64",
                            "private_dns": "ip-10-54-7-16.us-west-1.compute.internal",
                            "private_ip": "10.54.7.16",
                            "public_dns": "",
                            "public_ip": "54.183.11.248",
                            "root_block_device.#": "1",
                            "root_block_device.0.delete_on_termination": "false",
                            "root_block_device.0.iops": "0",
                            "root_block_device.0.volume_id": "vol-0522776cc08fd9e4d",
                            "root_block_device.0.volume_size": "8",
                            "root_block_device.0.volume_type": "standard",
                            "security_groups.#": "0",
                            "source_dest_check": "false",
                            "subnet_id": "subnet-dcd1f787",
                            "tags.%": "4",
                            "tags.Name": "telco-dev",
                            "tags.author": "ts-sre",
                            "tags.env": "dev",
                            "tags.purpose": "telco",
                            "tenancy": "default",
                            "volume_tags.%": "0",
                            "vpc_security_group_ids.#": "1",
                            "vpc_security_group_ids.3710505720": "sg-7182a609"
                        },
                        "meta": {
                            "e2bfb730-ecaa-11e6-8f88-34363bc7c4c0": {
                                "create": 600000000000,
                                "delete": 1200000000000,
                                "update": 600000000000
                            },
                            "schema_version": "1"
                        },
                        "tainted": false
                    },
                    "deposed": [],
                    "provider": "provider.aws"
                },
                "aws_instance.api.0": {
                    "type": "aws_instance",
                    "depends_on": [
                        "aws_key_pair.service",
                        "aws_security_group.trust",
                        "aws_subnet.trust.*",
                        "data.aws_availability_zones.available",
                        "null_resource.tags"
                    ],
                    "primary": {
                        "id": "i-09b03babc6d5fe9f6",
                        "attributes": {
                            "ami": "ami-65e0e305",
                            "associate_public_ip_address": "true",
                            "availability_zone": "us-west-1a",
                            "cpu_core_count": "2",
                            "cpu_threads_per_core": "1",
                            "credit_specification.#": "1",
                            "credit_specification.0.cpu_credits": "standard",
                            "disable_api_termination": "false",
                            "ebs_block_device.#": "0",
                            "ebs_optimized": "false",
                            "ephemeral_block_device.#": "0",
                            "get_password_data": "false",
                            "iam_instance_profile": "",
                            "id": "i-09b03babc6d5fe9f6",
                            "instance_state": "running",
                            "instance_type": "t2.medium",
                            "ipv6_addresses.#": "0",
                            "key_name": "telco-service-vpc-36dd8551",
                            "monitoring": "false",
                            "network_interface.#": "0",
                            "network_interface_id": "eni-3ed4ca3a",
                            "password_data": "",
                            "placement_group": "",
                            "primary_network_interface_id": "eni-3ed4ca3a",
                            "private_dns": "ip-10-54-3-208.us-west-1.compute.internal",
                            "private_ip": "10.54.3.208",
                            "public_dns": "",
                            "public_ip": "54.223.143.5",
                            "root_block_device.#": "1",
                            "root_block_device.0.delete_on_termination": "false",
                            "root_block_device.0.iops": "0",
                            "root_block_device.0.volume_id": "vol-00407a9be6c241ba5",
                            "root_block_device.0.volume_size": "8",
                            "root_block_device.0.volume_type": "standard",
                            "security_groups.#": "0",
                            "source_dest_check": "true",
                            "subnet_id": "subnet-28d5f373",
                            "tags.%": "4",
                            "tags.Name": "telco-dev",
                            "tags.author": "ts-sre",
                            "tags.env": "dev",
                            "tags.purpose": "telco",
                            "tenancy": "default",
                            "volume_tags.%": "0",
                            "vpc_security_group_ids.#": "1",
                            "vpc_security_group_ids.3411639197": "sg-fe82a686"
                        },
                        "meta": {
                            "e2bfb730-ecaa-11e6-8f88-34363bc7c4c0": {
                                "create": 600000000000,
                                "delete": 1200000000000,
                                "update": 600000000000
                            },
                            "schema_version": "1"
                        },
                        "tainted": false
                    },
                    "deposed": [],
                    "provider": "provider.aws"
                },
                "aws_instance.api.1": {
                    "type": "aws_instance",
                    "depends_on": [
                        "aws_key_pair.service",
                        "aws_security_group.trust",
                        "aws_subnet.trust.*",
                        "data.aws_availability_zones.available",
                        "null_resource.tags"
                    ],
                    "primary": {
                        "id": "i-00296189932c26ec9",
                        "attributes": {
                            "ami": "ami-65e0e305",
                            "associate_public_ip_address": "true",
                            "availability_zone": "us-west-1b",
                            "cpu_core_count": "2",
                            "cpu_threads_per_core": "1",
                            "credit_specification.#": "1",
                            "credit_specification.0.cpu_credits": "standard",
                            "disable_api_termination": "false",
                            "ebs_block_device.#": "0",
                            "ebs_optimized": "false",
                            "ephemeral_block_device.#": "0",
                            "get_password_data": "false",
                            "iam_instance_profile": "",
                            "id": "i-00296189932c26ec9",
                            "instance_state": "running",
                            "instance_type": "t2.medium",
                            "ipv6_addresses.#": "0",
                            "key_name": "telco-service-vpc-36dd8551",
                            "monitoring": "false",
                            "network_interface.#": "0",
                            "network_interface_id": "eni-6e707f4f",
                            "password_data": "",
                            "placement_group": "",
                            "primary_network_interface_id": "eni-6e707f4f",
                            "private_dns": "ip-10-54-4-146.us-west-1.compute.internal",
                            "private_ip": "10.54.4.146",
                            "public_dns": "",
                            "public_ip": "13.56.241.88",
                            "root_block_device.#": "1",
                            "root_block_device.0.delete_on_termination": "false",
                            "root_block_device.0.iops": "0",
                            "root_block_device.0.volume_id": "vol-033d0152b37e37580",
                            "root_block_device.0.volume_size": "8",
                            "root_block_device.0.volume_type": "standard",
                            "security_groups.#": "0",
                            "source_dest_check": "true",
                            "subnet_id": "subnet-6aa5af0d",
                            "tags.%": "4",
                            "tags.Name": "telco-dev",
                            "tags.author": "ts-sre",
                            "tags.env": "dev",
                            "tags.purpose": "telco",
                            "tenancy": "default",
                            "volume_tags.%": "0",
                            "vpc_security_group_ids.#": "1",
                            "vpc_security_group_ids.3411639197": "sg-fe82a686"
                        },
                        "meta": {
                            "e2bfb730-ecaa-11e6-8f88-34363bc7c4c0": {
                                "create": 600000000000,
                                "delete": 1200000000000,
                                "update": 600000000000
                            },
                            "schema_version": "1"
                        },
                        "tainted": false
                    },
                    "deposed": [],
                    "provider": "provider.aws"
                },
                "aws_instance.bastion": {
                    "type": "aws_instance",
                    "depends_on": [
                        "aws_key_pair.bastion",
                        "aws_security_group.bastion",
                        "aws_subnet.dmz.*",
                        "null_resource.tags"
                    ],
                    "primary": {
                        "id": "i-02176710ecdf805f1",
                        "attributes": {
                            "ami": "ami-65e0e305",
                            "associate_public_ip_address": "true",
                            "availability_zone": "us-west-1a",
                            "cpu_core_count": "1",
                            "cpu_threads_per_core": "1",
                            "credit_specification.#": "1",
                            "credit_specification.0.cpu_credits": "standard",
                            "disable_api_termination": "false",
                            "ebs_block_device.#": "0",
                            "ebs_optimized": "false",
                            "ephemeral_block_device.#": "0",
                            "get_password_data": "false",
                            "iam_instance_profile": "",
                            "id": "i-02176710ecdf805f1",
                            "instance_state": "running",
                            "instance_type": "t2.nano",
                            "ipv6_addresses.#": "0",
                            "key_name": "telco-bastion-dev",
                            "monitoring": "false",
                            "network_interface.#": "0",
                            "network_interface_id": "eni-56d9c752",
                            "password_data": "",
                            "placement_group": "",
                            "primary_network_interface_id": "eni-56d9c752",
                            "private_dns": "ip-10-54-1-226.us-west-1.compute.internal",
                            "private_ip": "10.54.1.226",
                            "public_dns": "",
                            "public_ip": "13.56.234.108",
                            "root_block_device.#": "1",
                            "root_block_device.0.delete_on_termination": "false",
                            "root_block_device.0.iops": "0",
                            "root_block_device.0.volume_id": "vol-050ded158f42ab031",
                            "root_block_device.0.volume_size": "8",
                            "root_block_device.0.volume_type": "standard",
                            "security_groups.#": "0",
                            "source_dest_check": "true",
                            "subnet_id": "subnet-b3d3f5e8",
                            "tags.%": "4",
                            "tags.Name": "telco-dev",
                            "tags.author": "ts-sre",
                            "tags.env": "dev",
                            "tags.purpose": "telco",
                            "tenancy": "default",
                            "volume_tags.%": "0",
                            "vpc_security_group_ids.#": "1",
                            "vpc_security_group_ids.866926196": "sg-9b87a3e3"
                        },
                        "meta": {
                            "e2bfb730-ecaa-11e6-8f88-34363bc7c4c0": {
                                "create": 600000000000,
                                "delete": 1200000000000,
                                "update": 600000000000
                            },
                            "schema_version": "1"
                        },
                        "tainted": false
                    },
                    "deposed": [],
                    "provider": "provider.aws"
                },
                "aws_instance.db.0": {
                    "type": "aws_instance",
                    "depends_on": [
                        "aws_key_pair.service",
                        "aws_security_group.db",
                        "aws_subnet.db.*",
                        "null_resource.tags"
                    ],
                    "primary": {
                        "id": "i-0bf693df29a870d7f",
                        "attributes": {
                            "ami": "ami-65e0e305",
                            "associate_public_ip_address": "true",
                            "availability_zone": "us-west-1a",
                            "cpu_core_count": "2",
                            "cpu_threads_per_core": "1",
                            "credit_specification.#": "1",
                            "credit_specification.0.cpu_credits": "standard",
                            "disable_api_termination": "false",
                            "ebs_block_device.#": "0",
                            "ebs_optimized": "false",
                            "ephemeral_block_device.#": "0",
                            "get_password_data": "false",
                            "iam_instance_profile": "",
                            "id": "i-0bf693df29a870d7f",
                            "instance_state": "running",
                            "instance_type": "t2.medium",
                            "ipv6_addresses.#": "0",
                            "key_name": "telco-service-vpc-36dd8551",
                            "monitoring": "false",
                            "network_interface.#": "0",
                            "network_interface_id": "eni-32d8c636",
                            "password_data": "",
                            "placement_group": "",
                            "primary_network_interface_id": "eni-32d8c636",
                            "private_dns": "ip-10-54-5-144.us-west-1.compute.internal",
                            "private_ip": "10.54.5.144",
                            "public_dns": "",
                            "public_ip": "54.180.11.111",
                            "root_block_device.#": "1",
                            "root_block_device.0.delete_on_termination": "false",
                            "root_block_device.0.iops": "0",
                            "root_block_device.0.volume_id": "vol-0967495cea15ecca8",
                            "root_block_device.0.volume_size": "8",
                            "root_block_device.0.volume_type": "standard",
                            "security_groups.#": "0",
                            "source_dest_check": "false",
                            "subnet_id": "subnet-d9d0f682",
                            "tags.%": "4",
                            "tags.Name": "telco-dev",
                            "tags.author": "ts-sre",
                            "tags.env": "dev",
                            "tags.purpose": "telco",
                            "tenancy": "default",
                            "volume_tags.%": "0",
                            "vpc_security_group_ids.#": "1",
                            "vpc_security_group_ids.1929646936": "sg-5680a42e"
                        },
                        "meta": {
                            "e2bfb730-ecaa-11e6-8f88-34363bc7c4c0": {
                                "create": 600000000000,
                                "delete": 1200000000000,
                                "update": 600000000000
                            },
                            "schema_version": "1"
                        },
                        "tainted": false
                    },
                    "deposed": [],
                    "provider": "provider.aws"
                },
                "aws_instance.db.1": {
                    "type": "aws_instance",
                    "depends_on": [
                        "aws_key_pair.service",
                        "aws_security_group.db",
                        "aws_subnet.db.*",
                        "null_resource.tags"
                    ],
                    "primary": {
                        "id": "i-06daa08ee4cb3960e",
                        "attributes": {
                            "ami": "ami-65e0e305",
                            "associate_public_ip_address": "true",
                            "availability_zone": "us-west-1a",
                            "cpu_core_count": "2",
                            "cpu_threads_per_core": "1",
                            "credit_specification.#": "1",
                            "credit_specification.0.cpu_credits": "standard",
                            "disable_api_termination": "false",
                            "ebs_block_device.#": "0",
                            "ebs_optimized": "false",
                            "ephemeral_block_device.#": "0",
                            "get_password_data": "false",
                            "iam_instance_profile": "",
                            "id": "i-06daa08ee4cb3960e",
                            "instance_state": "running",
                            "instance_type": "t2.medium",
                            "ipv6_addresses.#": "0",
                            "key_name": "telco-service-vpc-36dd8551",
                            "monitoring": "false",
                            "network_interface.#": "0",
                            "network_interface_id": "eni-0dd4ca09",
                            "password_data": "",
                            "placement_group": "",
                            "primary_network_interface_id": "eni-0dd4ca09",
                            "private_dns": "ip-10-54-5-46.us-west-1.compute.internal",
                            "private_ip": "10.54.5.46",
                            "public_dns": "",
                            "public_ip": "52.50.21.166",
                            "root_block_device.#": "1",
                            "root_block_device.0.delete_on_termination": "false",
                            "root_block_device.0.iops": "0",
                            "root_block_device.0.volume_id": "vol-05ccdf484806f056f",
                            "root_block_device.0.volume_size": "8",
                            "root_block_device.0.volume_type": "standard",
                            "security_groups.#": "0",
                            "source_dest_check": "false",
                            "subnet_id": "subnet-d9d0f682",
                            "tags.%": "4",
                            "tags.Name": "telco-dev",
                            "tags.author": "ts-sre",
                            "tags.env": "dev",
                            "tags.purpose": "telco",
                            "tenancy": "default",
                            "volume_tags.%": "0",
                            "vpc_security_group_ids.#": "1",
                            "vpc_security_group_ids.1929646936": "sg-5680a42e"
                        },
                        "meta": {
                            "e2bfb730-ecaa-11e6-8f88-34363bc7c4c0": {
                                "create": 600000000000,
                                "delete": 1200000000000,
                                "update": 600000000000
                            },
                            "schema_version": "1"
                        },
                        "tainted": false
                    },
                    "deposed": [],
                    "provider": "provider.aws"
                },
                "aws_instance.db.2": {
                    "type": "aws_instance",
                    "depends_on": [
                        "aws_key_pair.service",
                        "aws_security_group.db",
                        "aws_subnet.db.*",
                        "null_resource.tags"
                    ],
                    "primary": {
                        "id": "i-0378cd55c17eb113a",
                        "attributes": {
                            "ami": "ami-65e0e305",
                            "associate_public_ip_address": "true",
                            "availability_zone": "us-west-1a",
                            "cpu_core_count": "2",
                            "cpu_threads_per_core": "1",
                            "credit_specification.#": "1",
                            "credit_specification.0.cpu_credits": "standard",
                            "disable_api_termination": "false",
                            "ebs_block_device.#": "0",
                            "ebs_optimized": "false",
                            "ephemeral_block_device.#": "0",
                            "get_password_data": "false",
                            "iam_instance_profile": "",
                            "id": "i-0378cd55c17eb113a",
                            "instance_state": "running",
                            "instance_type": "t2.medium",
                            "ipv6_addresses.#": "0",
                            "key_name": "telco-service-vpc-36dd8551",
                            "monitoring": "false",
                            "network_interface.#": "0",
                            "network_interface_id": "eni-ccd6c8c8",
                            "password_data": "",
                            "placement_group": "",
                            "primary_network_interface_id": "eni-ccd6c8c8",
                            "private_dns": "ip-10-54-5-34.us-west-1.compute.internal",
                            "private_ip": "10.54.5.34",
                            "public_dns": "",
                            "public_ip": "54.180.5.95",
                            "root_block_device.#": "1",
                            "root_block_device.0.delete_on_termination": "false",
                            "root_block_device.0.iops": "0",
                            "root_block_device.0.volume_id": "vol-0e4fff98fd5949aef",
                            "root_block_device.0.volume_size": "8",
                            "root_block_device.0.volume_type": "standard",
                            "security_groups.#": "0",
                            "source_dest_check": "false",
                            "subnet_id": "subnet-d9d0f682",
                            "tags.%": "4",
                            "tags.Name": "telco-dev",
                            "tags.author": "ts-sre",
                            "tags.env": "dev",
                            "tags.purpose": "telco",
                            "tenancy": "default",
                            "volume_tags.%": "0",
                            "vpc_security_group_ids.#": "1",
                            "vpc_security_group_ids.1929646936": "sg-5680a42e"
                        },
                        "meta": {
                            "e2bfb730-ecaa-11e6-8f88-34363bc7c4c0": {
                                "create": 600000000000,
                                "delete": 1200000000000,
                                "update": 600000000000
                            },
                            "schema_version": "1"
                        },
                        "tainted": false
                    },
                    "deposed": [],
                    "provider": "provider.aws"
                },
                "aws_instance.dmz.0": {
                    "type": "aws_instance",
                    "depends_on": [
                        "aws_key_pair.service",
                        "aws_security_group.dmz",
                        "aws_subnet.dmz.*",
                        "data.aws_availability_zones.available",
                        "null_resource.tags"
                    ],
                    "primary": {
                        "id": "i-093a34709a6b4ca40",
                        "attributes": {
                            "ami": "ami-65e0e305",
                            "associate_public_ip_address": "true",
                            "availability_zone": "us-west-1a",
                            "cpu_core_count": "1",
                            "cpu_threads_per_core": "1",
                            "credit_specification.#": "1",
                            "credit_specification.0.cpu_credits": "standard",
                            "disable_api_termination": "false",
                            "ebs_block_device.#": "0",
                            "ebs_optimized": "false",
                            "ephemeral_block_device.#": "0",
                            "get_password_data": "false",
                            "iam_instance_profile": "",
                            "id": "i-093a34709a6b4ca40",
                            "instance_state": "running",
                            "instance_type": "t2.nano",
                            "ipv6_addresses.#": "0",
                            "key_name": "telco-service-vpc-36dd8551",
                            "monitoring": "false",
                            "network_interface.#": "0",
                            "network_interface_id": "eni-2ed9c72a",
                            "password_data": "",
                            "placement_group": "",
                            "primary_network_interface_id": "eni-2ed9c72a",
                            "private_dns": "ip-10-54-1-21.us-west-1.compute.internal",
                            "private_ip": "10.54.1.21",
                            "public_dns": "",
                            "public_ip": "18.142.11.110",
                            "root_block_device.#": "1",
                            "root_block_device.0.delete_on_termination": "false",
                            "root_block_device.0.iops": "0",
                            "root_block_device.0.volume_id": "vol-0029f890f876635ce",
                            "root_block_device.0.volume_size": "8",
                            "root_block_device.0.volume_type": "standard",
                            "security_groups.#": "0",
                            "source_dest_check": "true",
                            "subnet_id": "subnet-b3d3f5e8",
                            "tags.%": "4",
                            "tags.Name": "telco-dev",
                            "tags.author": "ts-sre",
                            "tags.env": "dev",
                            "tags.purpose": "telco",
                            "tenancy": "default",
                            "volume_tags.%": "0",
                            "vpc_security_group_ids.#": "1",
                            "vpc_security_group_ids.3536066953": "sg-718ca809"
                        },
                        "meta": {
                            "e2bfb730-ecaa-11e6-8f88-34363bc7c4c0": {
                                "create": 600000000000,
                                "delete": 1200000000000,
                                "update": 600000000000
                            },
                            "schema_version": "1"
                        },
                        "tainted": false
                    },
                    "deposed": [],
                    "provider": "provider.aws"
                },
                "aws_instance.dmz.1": {
                    "type": "aws_instance",
                    "depends_on": [
                        "aws_key_pair.service",
                        "aws_security_group.dmz",
                        "aws_subnet.dmz.*",
                        "data.aws_availability_zones.available",
                        "null_resource.tags"
                    ],
                    "primary": {
                        "id": "i-01c0eedc29c77387a",
                        "attributes": {
                            "ami": "ami-65e0e305",
                            "associate_public_ip_address": "true",
                            "availability_zone": "us-west-1b",
                            "cpu_core_count": "1",
                            "cpu_threads_per_core": "1",
                            "credit_specification.#": "1",
                            "credit_specification.0.cpu_credits": "standard",
                            "disable_api_termination": "false",
                            "ebs_block_device.#": "0",
                            "ebs_optimized": "false",
                            "ephemeral_block_device.#": "0",
                            "get_password_data": "false",
                            "iam_instance_profile": "",
                            "id": "i-01c0eedc29c77387a",
                            "instance_state": "running",
                            "instance_type": "t2.nano",
                            "ipv6_addresses.#": "0",
                            "key_name": "telco-service-vpc-36dd8551",
                            "monitoring": "false",
                            "network_interface.#": "0",
                            "network_interface_id": "eni-00727d21",
                            "password_data": "",
                            "placement_group": "",
                            "primary_network_interface_id": "eni-00727d21",
                            "private_dns": "ip-10-54-2-144.us-west-1.compute.internal",
                            "private_ip": "10.54.2.144",
                            "public_dns": "",
                            "public_ip": "13.52.41.20",
                            "root_block_device.#": "1",
                            "root_block_device.0.delete_on_termination": "false",
                            "root_block_device.0.iops": "0",
                            "root_block_device.0.volume_id": "vol-01e193e5c78ad496f",
                            "root_block_device.0.volume_size": "8",
                            "root_block_device.0.volume_type": "standard",
                            "security_groups.#": "0",
                            "source_dest_check": "true",
                            "subnet_id": "subnet-95bab0f2",
                            "tags.%": "4",
                            "tags.Name": "telco-dev",
                            "tags.author": "ts-sre",
                            "tags.env": "dev",
                            "tags.purpose": "telco",
                            "tenancy": "default",
                            "volume_tags.%": "0",
                            "vpc_security_group_ids.#": "1",
                            "vpc_security_group_ids.3536066953": "sg-718ca809"
                        },
                        "meta": {
                            "e2bfb730-ecaa-11e6-8f88-34363bc7c4c0": {
                                "create": 600000000000,
                                "delete": 1200000000000,
                                "update": 600000000000
                            },
                            "schema_version": "1"
                        },
                        "tainted": false
                    },
                    "deposed": [],
                    "provider": "provider.aws"
                },
                "aws_instance.mon.0": {
                    "type": "aws_instance",
                    "depends_on": [
                        "aws_key_pair.service",
                        "aws_security_group.trust",
                        "aws_subnet.trust.*",
                        "data.aws_availability_zones.available",
                        "null_resource.tags"
                    ],
                    "primary": {
                        "id": "i-071ae09d47ed5de87",
                        "attributes": {
                            "ami": "ami-65e0e305",
                            "associate_public_ip_address": "true",
                            "availability_zone": "us-west-1a",
                            "cpu_core_count": "2",
                            "cpu_threads_per_core": "1",
                            "credit_specification.#": "1",
                            "credit_specification.0.cpu_credits": "standard",
                            "disable_api_termination": "false",
                            "ebs_block_device.#": "0",
                            "ebs_optimized": "false",
                            "ephemeral_block_device.#": "0",
                            "get_password_data": "false",
                            "iam_instance_profile": "",
                            "id": "i-071ae09d47ed5de87",
                            "instance_state": "running",
                            "instance_type": "t2.medium",
                            "ipv6_addresses.#": "0",
                            "key_name": "telco-service-vpc-36dd8551",
                            "monitoring": "false",
                            "network_interface.#": "0",
                            "network_interface_id": "eni-28d9c72c",
                            "password_data": "",
                            "placement_group": "",
                            "primary_network_interface_id": "eni-28d9c72c",
                            "private_dns": "ip-10-54-3-186.us-west-1.compute.internal",
                            "private_ip": "10.54.3.186",
                            "public_dns": "",
                            "public_ip": "13.52.220.9",
                            "root_block_device.#": "1",
                            "root_block_device.0.delete_on_termination": "false",
                            "root_block_device.0.iops": "0",
                            "root_block_device.0.volume_id": "vol-09c4723b3cefbfc59",
                            "root_block_device.0.volume_size": "8",
                            "root_block_device.0.volume_type": "standard",
                            "security_groups.#": "0",
                            "source_dest_check": "true",
                            "subnet_id": "subnet-28d5f373",
                            "tags.%": "4",
                            "tags.Name": "telco-dev",
                            "tags.author": "ts-sre",
                            "tags.env": "dev",
                            "tags.purpose": "telco",
                            "tenancy": "default",
                            "volume_tags.%": "0",
                            "vpc_security_group_ids.#": "1",
                            "vpc_security_group_ids.3411639197": "sg-fe82a686"
                        },
                        "meta": {
                            "e2bfb730-ecaa-11e6-8f88-34363bc7c4c0": {
                                "create": 600000000000,
                                "delete": 1200000000000,
                                "update": 600000000000
                            },
                            "schema_version": "1"
                        },
                        "tainted": false
                    },
                    "deposed": [],
                    "provider": "provider.aws"
                },
                "aws_instance.mon.1": {
                    "type": "aws_instance",
                    "depends_on": [
                        "aws_key_pair.service",
                        "aws_security_group.trust",
                        "aws_subnet.trust.*",
                        "data.aws_availability_zones.available",
                        "null_resource.tags"
                    ],
                    "primary": {
                        "id": "i-0a62b0efc51b5cd72",
                        "attributes": {
                            "ami": "ami-65e0e305",
                            "associate_public_ip_address": "true",
                            "availability_zone": "us-west-1b",
                            "cpu_core_count": "2",
                            "cpu_threads_per_core": "1",
                            "credit_specification.#": "1",
                            "credit_specification.0.cpu_credits": "standard",
                            "disable_api_termination": "false",
                            "ebs_block_device.#": "0",
                            "ebs_optimized": "false",
                            "ephemeral_block_device.#": "0",
                            "get_password_data": "false",
                            "iam_instance_profile": "",
                            "id": "i-0a62b0efc51b5cd72",
                            "instance_state": "running",
                            "instance_type": "t2.medium",
                            "ipv6_addresses.#": "0",
                            "key_name": "telco-service-vpc-36dd8551",
                            "monitoring": "false",
                            "network_interface.#": "0",
                            "network_interface_id": "eni-6f707f4e",
                            "password_data": "",
                            "placement_group": "",
                            "primary_network_interface_id": "eni-6f707f4e",
                            "private_dns": "ip-10-54-4-244.us-west-1.compute.internal",
                            "private_ip": "10.54.4.244",
                            "public_dns": "",
                            "public_ip": "54.191.102.195",
                            "root_block_device.#": "1",
                            "root_block_device.0.delete_on_termination": "false",
                            "root_block_device.0.iops": "0",
                            "root_block_device.0.volume_id": "vol-088bf283c67cd2396",
                            "root_block_device.0.volume_size": "8",
                            "root_block_device.0.volume_type": "standard",
                            "security_groups.#": "0",
                            "source_dest_check": "true",
                            "subnet_id": "subnet-6aa5af0d",
                            "tags.%": "4",
                            "tags.Name": "telco-dev",
                            "tags.author": "ts-sre",
                            "tags.env": "dev",
                            "tags.purpose": "telco",
                            "tenancy": "default",
                            "volume_tags.%": "0",
                            "vpc_security_group_ids.#": "1",
                            "vpc_security_group_ids.3411639197": "sg-fe82a686"
                        },
                        "meta": {
                            "e2bfb730-ecaa-11e6-8f88-34363bc7c4c0": {
                                "create": 600000000000,
                                "delete": 1200000000000,
                                "update": 600000000000
                            },
                            "schema_version": "1"
                        },
                        "tainted": false
                    },
                    "deposed": [],
                    "provider": "provider.aws"
                },
                "aws_key_pair.bastion": {
                    "type": "aws_key_pair",
                    "depends_on": [
                        "tls_private_key.bastion"
                    ],
                    "primary": {
                        "id": "telco-bastion-dev",
                        "attributes": {
                            "id": "telco-bastion-dev",
                            "key_name": "telco-bastion-dev",
                            "public_key": "ssh-rsa AAAAB3NzaC1yc2EAAAADAQABAAABAQC2VrKGGwLiC+W/hXceZK4hlg0A7kQERbUVX0fQotTztUTu15S3hM97grFRdT4y7ygzlFHLMe0QNkh4msXUoa8bel5u2x3j7p6AtOrCPdnvPFKW5/CoOdnZqnUIeeKzsfq12NamhBlWlb+Cbx1Ewl40+Mya141KKBU7n/rXwpuXBhE9RJjc0Hsvf1xwo71W3RO3ocwieLDbkHYhLatFpjzXUnDSN2w5Tbfbdy5Zl4CzfFMLMe/zYLtguEEE4iPAMr2K66M8rbgB+bZ3i8j+dw+MG/jATmqqNsEzOOUkeTUanxAgVJz+G+etb9LXzzjZq7GwCXT4iCazzsKvA9vcSILT"
                        },
                        "meta": {
                            "schema_version": "1"
                        },
                        "tainted": false
                    },
                    "deposed": [],
                    "provider": "provider.aws"
                },
                "aws_key_pair.service": {
                    "type": "aws_key_pair",
                    "depends_on": [
                        "aws_vpc.vpc",
                        "tls_private_key.default"
                    ],
                    "primary": {
                        "id": "telco-service-vpc-36dd8551",
                        "attributes": {
                            "id": "telco-service-vpc-36dd8551",
                            "key_name": "telco-service-vpc-36dd8551",
                            "public_key": "ssh-rsa AAAAB3NzaC1yc2EAAAADAQABAAABAQC2VrKGGwLiC+W/hXceZK4hlg0A7kQERbUVX0fQotTztUTu15S3hM97grFRdT4y7ygzlFHLMe0QNkh4msXUoa8bel5u2x3j7p6AtOrCPdnvPFKW5/CoOdnZqnUIeeKzsfq12NamhBlWlb+Cbx1Ewl40+Mya141KKBU7n/rXwpuXBhE9RJjc0Hsvf1xwo71W3RO3ocwieLDbkHYhLatFpjzXUnDSN2w5Tbfbdy5Zl4CzfFMLMe/zYLtguEEE4iPAMr2K66M8rbgB+bZ3i8j+dw+MG/jATmqqNsEzOOUkeTUanxAgVJz+G+etb9LXzzjZq7GwCXT4iCazzsKvA9vcSILT"
                        },
                        "meta": {
                            "schema_version": "1"
                        },
                        "tainted": false
                    },
                    "deposed": [],
                    "provider": "provider.aws"
                },
                "tls_private_key.default": {
                    "type": "tls_private_key",
                    "depends_on": [],
                    "primary": {
                        "id": "ab00c02242e102739b410871ecb20107d17b0e35",
                        "attributes": {
                            "algorithm": "RSA",
                            "ecdsa_curve": "P224",
                            "id": "ab00c02242e102739b410871ecb20107d17b0e35",
                            "private_key_pem": "service_private_key",
                            "public_key_openssh": "ssh-rsa AAAAB3NzaC1yc2EAAAADAQABAAABAQC2VrKGGwLiC+W/hXceZK4hlg0A7kQERbUVX0fQotTztUTu15S3hM97grFRdT4y7ygzlFHLMe0QNkh4msXUoa8bel5u2x3j7p6AtOrCPdnvPFKW5/CoOdnZqnUIeeKzsfq12NamhBlWlb+Cbx1Ewl40+Mya141KKBU7n/rXwpuXBhE9RJjc0Hsvf1xwo71W3RO3ocwieLDbkHYhLatFpjzXUnDSN2w5Tbfbdy5Zl4CzfFMLMe/zYLtguEEE4iPAMr2K66M8rbgB+bZ3i8j+dw+MG/jATmqqNsEzOOUkeTUanxAgVJz+G+etb9LXzzjZq7GwCXT4iCazzsKvA9vcSILT\n",
                            "public_key_pem": "-----BEGIN PUBLIC KEY-----\nMIIBIjANBgkqhkiG9w0BAQEFAAOCAQ8AMIIBCgKCAQEAtlayhhsC4gvlv4V3HmSu\nIZYNAO5EBEW1FV9H0KLU87VE7teUt4TPe4KxUXU+Mu8oM5RRyzHtEDZIeJrF1KGv\nG3pebtsd4+6egLTqwj3Z7zxSlufwqDnZ2ap1CHnis7H6tdjWpoQZVpW/gm8dRMJe\nNPjMmteNSigVO5/618KblwYRPUSY3NB7L39ccKO9Vt0Tt6HMIniw25B2IS2rRaY8\n11Jw0jdsOU2323cuWZeAs3xTCzHv82C7YLhBBOIjwDK9iuujPK24Afm2d4vI/ncP\njBv4wE5qqjbBMzjlJHk1Gp8QIFSc/hvnrW/S18842auxsAl0+Igms87CrwPb3EiC\n0wIDAQAB\n-----END PUBLIC KEY-----\n",
                            "rsa_bits": "2048"
                        },
                        "meta": {},
                        "tainted": false
                    },
                    "deposed": [],
                    "provider": "provider.tls"
                },
                "tls_private_key.bastion": {
                    "type": "tls_private_key",
                    "depends_on": [],
                    "primary": {
                        "id": "ab00c02242e102739b410871ecb20107d17b0e35",
                        "attributes": {
                            "algorithm": "RSA",
                            "ecdsa_curve": "P224",
                            "id": "ab00c02242e102739b410871ecb20107d17b0e35",
                            "private_key_pem": "bastion_private_key",
                            "public_key_openssh": "ssh-rsa AAAAB3NzaC1yc2EAAAADAQABAAABAQC2VrKGGwLiC+W/hXceZK4hlg0A7kQERbUVX0fQotTztUTu15S3hM97grFRdT4y7ygzlFHLMe0QNkh4msXUoa8bel5u2x3j7p6AtOrCPdnvPFKW5/CoOdnZqnUIeeKzsfq12NamhBlWlb+Cbx1Ewl40+Mya141KKBU7n/rXwpuXBhE9RJjc0Hsvf1xwo71W3RO3ocwieLDbkHYhLatFpjzXUnDSN2w5Tbfbdy5Zl4CzfFMLMe/zYLtguEEE4iPAMr2K66M8rbgB+bZ3i8j+dw+MG/jATmqqNsEzOOUkeTUanxAgVJz+G+etb9LXzzjZq7GwCXT4iCazzsKvA9vcSILT\n",
                            "public_key_pem": "-----BEGIN PUBLIC KEY-----\nMIIBIjANBgkqhkiG9w0BAQEFAAOCAQ8AMIIBCgKCAQEAtlayhhsC4gvlv4V3HmSu\nIZYNAO5EBEW1FV9H0KLU87VE7teUt4TPe4KxUXU+Mu8oM5RRyzHtEDZIeJrF1KGv\nG3pebtsd4+6egLTqwj3Z7zxSlufwqDnZ2ap1CHnis7H6tdjWpoQZVpW/gm8dRMJe\nNPjMmteNSigVO5/618KblwYRPUSY3NB7L39ccKO9Vt0Tt6HMIniw25B2IS2rRaY8\n11Jw0jdsOU2323cuWZeAs3xTCzHv82C7YLhBBOIjwDK9iuujPK24Afm2d4vI/ncP\njBv4wE5qqjbBMzjlJHk1Gp8QIFSc/hvnrW/S18842auxsAl0+Igms87CrwPb3EiC\n0wIDAQAB\n-----END PUBLIC KEY-----\n",
                            "rsa_bits": "2048"
                        },
                        "meta": {},
                        "tainted": false
                    },
                    "deposed": [],
                    "provider": "provider.tls"
                }
            },
            "depends_on": []
        }
    ]
}
